
Microsoft Visual Studio Solution File, Format Version 12.00
# Visual Studio 14
VisualStudioVersion = 14.0.24720.0
MinimumVisualStudioVersion = 10.0.40219.1
Project("{8BC9CEB8-8B4A-11D0-8D11-00A0C91BC942}") = "remote_code_repository", "remote_code_repository\remote_code_repository.vcxproj", "{798B8893-BA69-446F-B7DC-DF1DD4FEDCA5}"
EndProject
Project("{8BC9CEB8-8B4A-11D0-8D11-00A0C91BC942}") = "Client", "Client\Client.vcxproj", "{9DF44650-FE64-456E-A316-2695AB5F893E}"
EndProject
Project("{8BC9CEB8-8B4A-11D0-8D11-00A0C91BC942}") = "Logger", "Logger\Logger.vcxproj", "{66D2C764-9DA8-4505-B869-8E84E8968F7C}"
EndProject
Project("{8BC9CEB8-8B4A-11D0-8D11-00A0C91BC942}") = "Server", "Server\Server.vcxproj", "{9AC1D871-0F10-419F-B3A3-4DD65D80E86C}"
EndProject
Project("{8BC9CEB8-8B4A-11D0-8D11-00A0C91BC942}") = "Sockets", "Sockets\Sockets.vcxproj", "{CA3129B8-1BF4-44C9-B116-53EC72D0BCCB}"
EndProject
Project("{8BC9CEB8-8B4A-11D0-8D11-00A0C91BC942}") = "Utilities", "Utilities\Utilities.vcxproj", "{462B43B2-8B13-4178-BF2A-903F76F1985C}"
EndProject
Project("{8BC9CEB8-8B4A-11D0-8D11-00A0C91BC942}") = "zWindowsHelpers", "WindowsHelpers\zWindowsHelpers.vcxproj", "{3407BBC5-5BC7-4BD7-860D-CBC24715737B}"
EndProject
Project("{8BC9CEB8-8B4A-11D0-8D11-00A0C91BC942}") = "HttpServer", "HttpServer\HttpServer.vcxproj", "{64B84804-33CC-4EA1-A1BD-FF7422E859BD}"
EndProject
Project("{8BC9CEB8-8B4A-11D0-8D11-00A0C91BC942}") = "HttpClient", "HttpClient\HttpClient.vcxproj", "{9711962E-E996-4F58-A533-DCC90033B8E2}"
EndProject
Project("{8BC9CEB8-8B4A-11D0-8D11-00A0C91BC942}") = "HttpBase", "HttpBase\HttpBase.vcxproj", "{DFF0023D-01FB-4848-8554-7CDA428C8CE8}"
EndProject
Project("{8BC9CEB8-8B4A-11D0-8D11-00A0C91BC942}") = "FileSystem_Windows", "FileSystem_Windows\FileSystem_Windows.vcxproj", "{55A50FBA-D8C5-44E1-AE31-EEB570AC3B77}"
EndProject
Project("{FAE04EC0-301F-11D3-BF4B-00C04F79EFBC}") = "RepositoryClient", "RepositoryClient\RepositoryClient.csproj", "{A8B48689-287E-4AB1-B1A7-D0357684E081}"
EndProject
Project("{8BC9CEB8-8B4A-11D0-8D11-00A0C91BC942}") = "ApplicationInterfaces", "ApplicationInterfaces\ApplicationInterfaces.vcxproj", "{C29A3A51-5C90-4DAE-A242-225A9A483EE0}"
EndProject
Global
	GlobalSection(SolutionConfigurationPlatforms) = preSolution
		Debug|Any CPU = Debug|Any CPU
		Debug|x64 = Debug|x64
		Debug|x86 = Debug|x86
		Release|Any CPU = Release|Any CPU
		Release|x64 = Release|x64
		Release|x86 = Release|x86
	EndGlobalSection
	GlobalSection(ProjectConfigurationPlatforms) = postSolution
		{798B8893-BA69-446F-B7DC-DF1DD4FEDCA5}.Debug|Any CPU.ActiveCfg = Debug|Win32
		{798B8893-BA69-446F-B7DC-DF1DD4FEDCA5}.Debug|x64.ActiveCfg = Debug|Win32
		{798B8893-BA69-446F-B7DC-DF1DD4FEDCA5}.Debug|x64.Build.0 = Debug|Win32
		{798B8893-BA69-446F-B7DC-DF1DD4FEDCA5}.Debug|x86.ActiveCfg = Debug|Win32
		{798B8893-BA69-446F-B7DC-DF1DD4FEDCA5}.Debug|x86.Build.0 = Debug|Win32
		{798B8893-BA69-446F-B7DC-DF1DD4FEDCA5}.Release|Any CPU.ActiveCfg = Release|Win32
		{798B8893-BA69-446F-B7DC-DF1DD4FEDCA5}.Release|x64.ActiveCfg = Release|x64
		{798B8893-BA69-446F-B7DC-DF1DD4FEDCA5}.Release|x64.Build.0 = Release|x64
		{798B8893-BA69-446F-B7DC-DF1DD4FEDCA5}.Release|x86.ActiveCfg = Release|Win32
		{798B8893-BA69-446F-B7DC-DF1DD4FEDCA5}.Release|x86.Build.0 = Release|Win32
		{9DF44650-FE64-456E-A316-2695AB5F893E}.Debug|Any CPU.ActiveCfg = Debug|Win32
		{9DF44650-FE64-456E-A316-2695AB5F893E}.Debug|x64.ActiveCfg = Debug|Win32
		{9DF44650-FE64-456E-A316-2695AB5F893E}.Debug|x86.ActiveCfg = Debug|Win32
		{9DF44650-FE64-456E-A316-2695AB5F893E}.Debug|x86.Build.0 = Debug|Win32
		{9DF44650-FE64-456E-A316-2695AB5F893E}.Release|Any CPU.ActiveCfg = Release|Win32
		{9DF44650-FE64-456E-A316-2695AB5F893E}.Release|x64.ActiveCfg = Release|Win32
		{9DF44650-FE64-456E-A316-2695AB5F893E}.Release|x86.ActiveCfg = Release|Win32
		{9DF44650-FE64-456E-A316-2695AB5F893E}.Release|x86.Build.0 = Release|Win32
		{66D2C764-9DA8-4505-B869-8E84E8968F7C}.Debug|Any CPU.ActiveCfg = Debug|Win32
		{66D2C764-9DA8-4505-B869-8E84E8968F7C}.Debug|x64.ActiveCfg = Debug|x64
		{66D2C764-9DA8-4505-B869-8E84E8968F7C}.Debug|x64.Build.0 = Debug|x64
		{66D2C764-9DA8-4505-B869-8E84E8968F7C}.Debug|x86.ActiveCfg = Debug|Win32
		{66D2C764-9DA8-4505-B869-8E84E8968F7C}.Debug|x86.Build.0 = Debug|Win32
		{66D2C764-9DA8-4505-B869-8E84E8968F7C}.Release|Any CPU.ActiveCfg = Release|Win32
		{66D2C764-9DA8-4505-B869-8E84E8968F7C}.Release|x64.ActiveCfg = Release|x64
		{66D2C764-9DA8-4505-B869-8E84E8968F7C}.Release|x64.Build.0 = Release|x64
		{66D2C764-9DA8-4505-B869-8E84E8968F7C}.Release|x86.ActiveCfg = Release|Win32
		{66D2C764-9DA8-4505-B869-8E84E8968F7C}.Release|x86.Build.0 = Release|Win32
		{9AC1D871-0F10-419F-B3A3-4DD65D80E86C}.Debug|Any CPU.ActiveCfg = Debug|Win32
		{9AC1D871-0F10-419F-B3A3-4DD65D80E86C}.Debug|x64.ActiveCfg = Debug|Win32
		{9AC1D871-0F10-419F-B3A3-4DD65D80E86C}.Debug|x86.ActiveCfg = Debug|Win32
		{9AC1D871-0F10-419F-B3A3-4DD65D80E86C}.Debug|x86.Build.0 = Debug|Win32
		{9AC1D871-0F10-419F-B3A3-4DD65D80E86C}.Release|Any CPU.ActiveCfg = Release|Win32
		{9AC1D871-0F10-419F-B3A3-4DD65D80E86C}.Release|x64.ActiveCfg = Release|Win32
		{9AC1D871-0F10-419F-B3A3-4DD65D80E86C}.Release|x86.ActiveCfg = Release|Win32
		{9AC1D871-0F10-419F-B3A3-4DD65D80E86C}.Release|x86.Build.0 = Release|Win32
		{CA3129B8-1BF4-44C9-B116-53EC72D0BCCB}.Debug|Any CPU.ActiveCfg = Debug|Win32
		{CA3129B8-1BF4-44C9-B116-53EC72D0BCCB}.Debug|x64.ActiveCfg = Debug|Win32
		{CA3129B8-1BF4-44C9-B116-53EC72D0BCCB}.Debug|x86.ActiveCfg = Debug|Win32
		{CA3129B8-1BF4-44C9-B116-53EC72D0BCCB}.Debug|x86.Build.0 = Debug|Win32
		{CA3129B8-1BF4-44C9-B116-53EC72D0BCCB}.Release|Any CPU.ActiveCfg = Release|Win32
		{CA3129B8-1BF4-44C9-B116-53EC72D0BCCB}.Release|x64.ActiveCfg = Release|Win32
		{CA3129B8-1BF4-44C9-B116-53EC72D0BCCB}.Release|x86.ActiveCfg = Release|Win32
		{CA3129B8-1BF4-44C9-B116-53EC72D0BCCB}.Release|x86.Build.0 = Release|Win32
		{462B43B2-8B13-4178-BF2A-903F76F1985C}.Debug|Any CPU.ActiveCfg = Debug|Win32
		{462B43B2-8B13-4178-BF2A-903F76F1985C}.Debug|x64.ActiveCfg = Debug|x64
		{462B43B2-8B13-4178-BF2A-903F76F1985C}.Debug|x64.Build.0 = Debug|x64
		{462B43B2-8B13-4178-BF2A-903F76F1985C}.Debug|x86.ActiveCfg = Debug|Win32
		{462B43B2-8B13-4178-BF2A-903F76F1985C}.Debug|x86.Build.0 = Debug|Win32
		{462B43B2-8B13-4178-BF2A-903F76F1985C}.Release|Any CPU.ActiveCfg = Release|Win32
		{462B43B2-8B13-4178-BF2A-903F76F1985C}.Release|x64.ActiveCfg = Release|x64
		{462B43B2-8B13-4178-BF2A-903F76F1985C}.Release|x64.Build.0 = Release|x64
		{462B43B2-8B13-4178-BF2A-903F76F1985C}.Release|x86.ActiveCfg = Release|Win32
		{462B43B2-8B13-4178-BF2A-903F76F1985C}.Release|x86.Build.0 = Release|Win32
		{3407BBC5-5BC7-4BD7-860D-CBC24715737B}.Debug|Any CPU.ActiveCfg = Debug|Win32
		{3407BBC5-5BC7-4BD7-860D-CBC24715737B}.Debug|x64.ActiveCfg = Debug|Win32
		{3407BBC5-5BC7-4BD7-860D-CBC24715737B}.Debug|x86.ActiveCfg = Debug|Win32
		{3407BBC5-5BC7-4BD7-860D-CBC24715737B}.Debug|x86.Build.0 = Debug|Win32
		{3407BBC5-5BC7-4BD7-860D-CBC24715737B}.Release|Any CPU.ActiveCfg = Release|Win32
		{3407BBC5-5BC7-4BD7-860D-CBC24715737B}.Release|x64.ActiveCfg = Release|Win32
		{3407BBC5-5BC7-4BD7-860D-CBC24715737B}.Release|x86.ActiveCfg = Release|Win32
		{3407BBC5-5BC7-4BD7-860D-CBC24715737B}.Release|x86.Build.0 = Release|Win32
		{64B84804-33CC-4EA1-A1BD-FF7422E859BD}.Debug|Any CPU.ActiveCfg = Debug|Win32
		{64B84804-33CC-4EA1-A1BD-FF7422E859BD}.Debug|x64.ActiveCfg = Debug|x64
		{64B84804-33CC-4EA1-A1BD-FF7422E859BD}.Debug|x64.Build.0 = Debug|x64
		{64B84804-33CC-4EA1-A1BD-FF7422E859BD}.Debug|x86.ActiveCfg = Debug|Win32
		{64B84804-33CC-4EA1-A1BD-FF7422E859BD}.Debug|x86.Build.0 = Debug|Win32
		{64B84804-33CC-4EA1-A1BD-FF7422E859BD}.Release|Any CPU.ActiveCfg = Release|Win32
		{64B84804-33CC-4EA1-A1BD-FF7422E859BD}.Release|x64.ActiveCfg = Release|x64
		{64B84804-33CC-4EA1-A1BD-FF7422E859BD}.Release|x64.Build.0 = Release|x64
		{64B84804-33CC-4EA1-A1BD-FF7422E859BD}.Release|x86.ActiveCfg = Release|Win32
		{64B84804-33CC-4EA1-A1BD-FF7422E859BD}.Release|x86.Build.0 = Release|Win32
		{9711962E-E996-4F58-A533-DCC90033B8E2}.Debug|Any CPU.ActiveCfg = Debug|Win32
		{9711962E-E996-4F58-A533-DCC90033B8E2}.Debug|x64.ActiveCfg = Debug|x64
		{9711962E-E996-4F58-A533-DCC90033B8E2}.Debug|x64.Build.0 = Debug|x64
		{9711962E-E996-4F58-A533-DCC90033B8E2}.Debug|x86.ActiveCfg = Debug|Win32
		{9711962E-E996-4F58-A533-DCC90033B8E2}.Debug|x86.Build.0 = Debug|Win32
		{9711962E-E996-4F58-A533-DCC90033B8E2}.Release|Any CPU.ActiveCfg = Release|Win32
		{9711962E-E996-4F58-A533-DCC90033B8E2}.Release|x64.ActiveCfg = Release|x64
		{9711962E-E996-4F58-A533-DCC90033B8E2}.Release|x64.Build.0 = Release|x64
		{9711962E-E996-4F58-A533-DCC90033B8E2}.Release|x86.ActiveCfg = Release|Win32
		{9711962E-E996-4F58-A533-DCC90033B8E2}.Release|x86.Build.0 = Release|Win32
		{DFF0023D-01FB-4848-8554-7CDA428C8CE8}.Debug|Any CPU.ActiveCfg = Debug|Win32
		{DFF0023D-01FB-4848-8554-7CDA428C8CE8}.Debug|x64.ActiveCfg = Debug|x64
		{DFF0023D-01FB-4848-8554-7CDA428C8CE8}.Debug|x64.Build.0 = Debug|x64
		{DFF0023D-01FB-4848-8554-7CDA428C8CE8}.Debug|x86.ActiveCfg = Debug|Win32
		{DFF0023D-01FB-4848-8554-7CDA428C8CE8}.Debug|x86.Build.0 = Debug|Win32
		{DFF0023D-01FB-4848-8554-7CDA428C8CE8}.Release|Any CPU.ActiveCfg = Release|Win32
		{DFF0023D-01FB-4848-8554-7CDA428C8CE8}.Release|x64.ActiveCfg = Release|x64
		{DFF0023D-01FB-4848-8554-7CDA428C8CE8}.Release|x64.Build.0 = Release|x64
		{DFF0023D-01FB-4848-8554-7CDA428C8CE8}.Release|x86.ActiveCfg = Release|Win32
		{DFF0023D-01FB-4848-8554-7CDA428C8CE8}.Release|x86.Build.0 = Release|Win32
		{55A50FBA-D8C5-44E1-AE31-EEB570AC3B77}.Debug|Any CPU.ActiveCfg = Debug|Win32
		{55A50FBA-D8C5-44E1-AE31-EEB570AC3B77}.Debug|x64.ActiveCfg = Debug|x64
		{55A50FBA-D8C5-44E1-AE31-EEB570AC3B77}.Debug|x64.Build.0 = Debug|x64
		{55A50FBA-D8C5-44E1-AE31-EEB570AC3B77}.Debug|x86.ActiveCfg = Debug|Win32
		{55A50FBA-D8C5-44E1-AE31-EEB570AC3B77}.Debug|x86.Build.0 = Debug|Win32
		{55A50FBA-D8C5-44E1-AE31-EEB570AC3B77}.Release|Any CPU.ActiveCfg = Release|Win32
		{55A50FBA-D8C5-44E1-AE31-EEB570AC3B77}.Release|x64.ActiveCfg = Release|x64
		{55A50FBA-D8C5-44E1-AE31-EEB570AC3B77}.Release|x64.Build.0 = Release|x64
		{55A50FBA-D8C5-44E1-AE31-EEB570AC3B77}.Release|x86.ActiveCfg = Release|Win32
		{55A50FBA-D8C5-44E1-AE31-EEB570AC3B77}.Release|x86.Build.0 = Release|Win32
		{A8B48689-287E-4AB1-B1A7-D0357684E081}.Debug|Any CPU.ActiveCfg = Debug|Any CPU
		{A8B48689-287E-4AB1-B1A7-D0357684E081}.Debug|Any CPU.Build.0 = Debug|Any CPU
		{A8B48689-287E-4AB1-B1A7-D0357684E081}.Debug|x64.ActiveCfg = Debug|Any CPU
		{A8B48689-287E-4AB1-B1A7-D0357684E081}.Debug|x64.Build.0 = Debug|Any CPU
		{A8B48689-287E-4AB1-B1A7-D0357684E081}.Debug|x86.ActiveCfg = Debug|Any CPU
		{A8B48689-287E-4AB1-B1A7-D0357684E081}.Debug|x86.Build.0 = Debug|Any CPU
		{A8B48689-287E-4AB1-B1A7-D0357684E081}.Release|Any CPU.ActiveCfg = Release|Any CPU
		{A8B48689-287E-4AB1-B1A7-D0357684E081}.Release|Any CPU.Build.0 = Release|Any CPU
		{A8B48689-287E-4AB1-B1A7-D0357684E081}.Release|x64.ActiveCfg = Release|Any CPU
		{A8B48689-287E-4AB1-B1A7-D0357684E081}.Release|x64.Build.0 = Release|Any CPU
		{A8B48689-287E-4AB1-B1A7-D0357684E081}.Release|x86.ActiveCfg = Release|Any CPU
		{A8B48689-287E-4AB1-B1A7-D0357684E081}.Release|x86.Build.0 = Release|Any CPU
		{C29A3A51-5C90-4DAE-A242-225A9A483EE0}.Debug|Any CPU.ActiveCfg = Debug|Win32
		{C29A3A51-5C90-4DAE-A242-225A9A483EE0}.Debug|x64.ActiveCfg = Debug|x64
		{C29A3A51-5C90-4DAE-A242-225A9A483EE0}.Debug|x64.Build.0 = Debug|x64
		{C29A3A51-5C90-4DAE-A242-225A9A483EE0}.Debug|x86.ActiveCfg = Debug|Win32
		{C29A3A51-5C90-4DAE-A242-225A9A483EE0}.Debug|x86.Build.0 = Debug|Win32
		{C29A3A51-5C90-4DAE-A242-225A9A483EE0}.Release|Any CPU.ActiveCfg = Release|Win32
		{C29A3A51-5C90-4DAE-A242-225A9A483EE0}.Release|x64.ActiveCfg = Release|x64
		{C29A3A51-5C90-4DAE-A242-225A9A483EE0}.Release|x64.Build.0 = Release|x64
		{C29A3A51-5C90-4DAE-A242-225A9A483EE0}.Release|x86.ActiveCfg = Release|Win32
		{C29A3A51-5C90-4DAE-A242-225A9A483EE0}.Release|x86.Build.0 = Release|Win32
	EndGlobalSection
	GlobalSection(SolutionProperties) = preSolution
		HideSolutionNode = FALSE
	EndGlobalSection
EndGlobal
